<?xml version="1.0" encoding="utf-8"?>
<Project ToolsVersion="4.0" xmlns="http://schemas.microsoft.com/developer/msbuild/2003">
  <ItemGroup>
    <Filter Include="Source Files">
      <UniqueIdentifier>{4FC737F1-C7A5-4376-A066-2A32D752A2FF}</UniqueIdentifier>
      <Extensions>cpp;c;cc;cxx;c++;def;odl;idl;hpj;bat;asm;asmx</Extensions>
    </Filter>
    <Filter Include="Header Files">
      <UniqueIdentifier>{93995380-89BD-4b04-88EB-625FBE52EBFB}</UniqueIdentifier>
      <Extensions>h;hh;hpp;hxx;h++;hm;inl;inc;ipp;xsd</Extensions>
    </Filter>
    <Filter Include="Resource Files">
      <UniqueIdentifier>{67DA6AB6-F800-4c08-8B7A-83BB121AAD01}</UniqueIdentifier>
      <Extensions>rc;ico;cur;bmp;dlg;rc2;rct;bin;rgs;gif;jpg;jpeg;jpe;resx;tiff;tif;png;wav;mfcribbon-ms</Extensions>
    </Filter>
    <Filter Include="Source Files\Set">
      <UniqueIdentifier>{33ccb33d-f067-4a61-ae9d-521b0e476e01}</UniqueIdentifier>
    </Filter>
    <Filter Include="Source Files\Textures">
      <UniqueIdentifier>{8ab7120e-a219-4967-af09-59af43790a6e}</UniqueIdentifier>
    </Filter>
    <Filter Include="Source Files\Models">
      <UniqueIdentifier>{9b306f1f-3cd4-4527-be91-1a9a2234e259}</UniqueIdentifier>
    </Filter>
    <Filter Include="Source Files\INI">
      <UniqueIdentifier>{59fd78ba-53bd-4a40-bcc3-566efe81c984}</UniqueIdentifier>
    </Filter>
  </ItemGroup>
  <ItemGroup>
    <ClInclude Include="framework.h">
      <Filter>Header Files</Filter>
    </ClInclude>
    <ClInclude Include="pch.h">
      <Filter>Header Files</Filter>
    </ClInclude>
  </ItemGroup>
  <ItemGroup>
    <ClCompile Include="dllmain.cpp">
      <Filter>Source Files</Filter>
    </ClCompile>
    <ClCompile Include="pch.cpp">
      <Filter>Source Files</Filter>
    </ClCompile>
    <ClCompile Include="AngelIsland.cpp">
      <Filter>Source Files</Filter>
    </ClCompile>
  </ItemGroup>
  <ItemGroup>
    <None Include="Binaries\Angel.sa2blvl">
      <Filter>Source Files\Models</Filter>
    </None>
    <None Include="Binaries\al_stagetitle_gdark_e_tex.pak">
      <Filter>Source Files\Textures</Filter>
    </None>
    <None Include="Binaries\AngelTex.pak">
      <Filter>Source Files\Textures</Filter>
    </None>
    <None Include="Binaries\set_chao_dark_s.bin">
      <Filter>Source Files\Set</Filter>
    </None>
    <None Include="Binaries\set_chao_dark_u.bin">
      <Filter>Source Files\Set</Filter>
    </None>
    <None Include="Binaries\mod.ini">
      <Filter>Source Files\INI</Filter>
    </None>
  </ItemGroup>
</Project>